
Microsoft Visual Studio Solution File, Format Version 12.00
# Visual Studio Version 16
VisualStudioVersion = 16.0.31019.35
MinimumVisualStudioVersion = 10.0.40219.1
Project("{FAE04EC0-301F-11D3-BF4B-00C04F79EFBC}") = "SeleniumWD3_PageObjects", "SeleniumWD3_PageObjects\SeleniumWD3_PageObjects.csproj", "{C90E4C1D-AA67-4204-BAF2-CBF950860265}"
EndProject
Global
	GlobalSection(SolutionConfigurationPlatforms) = preSolution
		Debug|Any CPU = Debug|Any CPU
		Release|Any CPU = Release|Any CPU
	EndGlobalSection
	GlobalSection(ProjectConfigurationPlatforms) = postSolution
		{C90E4C1D-AA67-4204-BAF2-CBF950860265}.Debug|Any CPU.ActiveCfg = Debug|Any CPU
		{C90E4C1D-AA67-4204-BAF2-CBF950860265}.Debug|Any CPU.Build.0 = Debug|Any CPU
		{C90E4C1D-AA67-4204-BAF2-CBF950860265}.Release|Any CPU.ActiveCfg = Release|Any CPU
		{C90E4C1D-AA67-4204-BAF2-CBF950860265}.Release|Any CPU.Build.0 = Release|Any CPU
	EndGlobalSection
	GlobalSection(SolutionProperties) = preSolution
		HideSolutionNode = FALSE
	EndGlobalSection
	GlobalSection(ExtensibilityGlobals) = postSolution
		SolutionGuid = {F7B0A865-6CCF-490E-B69A-E3A446B18C48}
	EndGlobalSection
EndGlobal
